
Microsoft Visual Studio Solution File, Format Version 12.00
# Visual Studio 15
VisualStudioVersion = 15.0.28010.2041
MinimumVisualStudioVersion = 10.0.40219.1
Project("{FAE04EC0-301F-11D3-BF4B-00C04F79EFBC}") = "API", "API\API.csproj", "{83D2AA21-C313-4E6D-A3EF-31C28EBF2F7B}"
EndProject
Project("{FAE04EC0-301F-11D3-BF4B-00C04F79EFBC}") = "UnitTestAPI", "UnitTestAPI\UnitTestAPI.csproj", "{44147C1E-7791-41D5-9B31-C75A8B4C5114}"
EndProject
Project("{FAE04EC0-301F-11D3-BF4B-00C04F79EFBC}") = "Domain", "Domain\Domain.csproj", "{7A544087-E546-4FD0-8C0A-ADEED63A4C1A}"
EndProject
Project("{FAE04EC0-301F-11D3-BF4B-00C04F79EFBC}") = "Terminal", "Terminal\Terminal.csproj", "{6361348F-61C9-4695-98C5-4D7EBBBCB553}"
EndProject
Project("{FAE04EC0-301F-11D3-BF4B-00C04F79EFBC}") = "KeyPad", "KeyPad\KeyPad.csproj", "{3ADBFF38-915C-4115-9CDD-81C0CAD9733A}"
EndProject
Global
	GlobalSection(SolutionConfigurationPlatforms) = preSolution
		Debug|Any CPU = Debug|Any CPU
		Debug|x86 = Debug|x86
		Release|Any CPU = Release|Any CPU
		Release|x86 = Release|x86
	EndGlobalSection
	GlobalSection(ProjectConfigurationPlatforms) = postSolution
		{83D2AA21-C313-4E6D-A3EF-31C28EBF2F7B}.Debug|Any CPU.ActiveCfg = Debug|Any CPU
		{83D2AA21-C313-4E6D-A3EF-31C28EBF2F7B}.Debug|Any CPU.Build.0 = Debug|Any CPU
		{83D2AA21-C313-4E6D-A3EF-31C28EBF2F7B}.Debug|x86.ActiveCfg = Debug|Any CPU
		{83D2AA21-C313-4E6D-A3EF-31C28EBF2F7B}.Debug|x86.Build.0 = Debug|Any CPU
		{83D2AA21-C313-4E6D-A3EF-31C28EBF2F7B}.Release|Any CPU.ActiveCfg = Release|Any CPU
		{83D2AA21-C313-4E6D-A3EF-31C28EBF2F7B}.Release|Any CPU.Build.0 = Release|Any CPU
		{83D2AA21-C313-4E6D-A3EF-31C28EBF2F7B}.Release|x86.ActiveCfg = Release|Any CPU
		{83D2AA21-C313-4E6D-A3EF-31C28EBF2F7B}.Release|x86.Build.0 = Release|Any CPU
		{44147C1E-7791-41D5-9B31-C75A8B4C5114}.Debug|Any CPU.ActiveCfg = Debug|Any CPU
		{44147C1E-7791-41D5-9B31-C75A8B4C5114}.Debug|Any CPU.Build.0 = Debug|Any CPU
		{44147C1E-7791-41D5-9B31-C75A8B4C5114}.Debug|x86.ActiveCfg = Debug|Any CPU
		{44147C1E-7791-41D5-9B31-C75A8B4C5114}.Debug|x86.Build.0 = Debug|Any CPU
		{44147C1E-7791-41D5-9B31-C75A8B4C5114}.Release|Any CPU.ActiveCfg = Release|Any CPU
		{44147C1E-7791-41D5-9B31-C75A8B4C5114}.Release|Any CPU.Build.0 = Release|Any CPU
		{44147C1E-7791-41D5-9B31-C75A8B4C5114}.Release|x86.ActiveCfg = Release|Any CPU
		{44147C1E-7791-41D5-9B31-C75A8B4C5114}.Release|x86.Build.0 = Release|Any CPU
		{7A544087-E546-4FD0-8C0A-ADEED63A4C1A}.Debug|Any CPU.ActiveCfg = Debug|Any CPU
		{7A544087-E546-4FD0-8C0A-ADEED63A4C1A}.Debug|Any CPU.Build.0 = Debug|Any CPU
		{7A544087-E546-4FD0-8C0A-ADEED63A4C1A}.Debug|x86.ActiveCfg = Debug|Any CPU
		{7A544087-E546-4FD0-8C0A-ADEED63A4C1A}.Debug|x86.Build.0 = Debug|Any CPU
		{7A544087-E546-4FD0-8C0A-ADEED63A4C1A}.Release|Any CPU.ActiveCfg = Release|Any CPU
		{7A544087-E546-4FD0-8C0A-ADEED63A4C1A}.Release|Any CPU.Build.0 = Release|Any CPU
		{7A544087-E546-4FD0-8C0A-ADEED63A4C1A}.Release|x86.ActiveCfg = Release|Any CPU
		{7A544087-E546-4FD0-8C0A-ADEED63A4C1A}.Release|x86.Build.0 = Release|Any CPU
		{6361348F-61C9-4695-98C5-4D7EBBBCB553}.Debug|Any CPU.ActiveCfg = Debug|Any CPU
		{6361348F-61C9-4695-98C5-4D7EBBBCB553}.Debug|Any CPU.Build.0 = Debug|Any CPU
		{6361348F-61C9-4695-98C5-4D7EBBBCB553}.Debug|x86.ActiveCfg = Debug|Any CPU
		{6361348F-61C9-4695-98C5-4D7EBBBCB553}.Debug|x86.Build.0 = Debug|Any CPU
		{6361348F-61C9-4695-98C5-4D7EBBBCB553}.Release|Any CPU.ActiveCfg = Release|Any CPU
		{6361348F-61C9-4695-98C5-4D7EBBBCB553}.Release|Any CPU.Build.0 = Release|Any CPU
		{6361348F-61C9-4695-98C5-4D7EBBBCB553}.Release|x86.ActiveCfg = Release|Any CPU
		{6361348F-61C9-4695-98C5-4D7EBBBCB553}.Release|x86.Build.0 = Release|Any CPU
		{3ADBFF38-915C-4115-9CDD-81C0CAD9733A}.Debug|Any CPU.ActiveCfg = Debug|x86
		{3ADBFF38-915C-4115-9CDD-81C0CAD9733A}.Debug|x86.ActiveCfg = Debug|x86
		{3ADBFF38-915C-4115-9CDD-81C0CAD9733A}.Debug|x86.Build.0 = Debug|x86
		{3ADBFF38-915C-4115-9CDD-81C0CAD9733A}.Release|Any CPU.ActiveCfg = Release|x86
		{3ADBFF38-915C-4115-9CDD-81C0CAD9733A}.Release|x86.ActiveCfg = Release|x86
		{3ADBFF38-915C-4115-9CDD-81C0CAD9733A}.Release|x86.Build.0 = Release|x86
	EndGlobalSection
	GlobalSection(SolutionProperties) = preSolution
		HideSolutionNode = FALSE
	EndGlobalSection
	GlobalSection(ExtensibilityGlobals) = postSolution
		SolutionGuid = {BB07C143-064C-4D14-906B-9DF5DB90B912}
	EndGlobalSection
EndGlobal
